// !$*UTF8*$!
{
	archiveVersion = 1;
	classes = {
	};
	objectVersion = 77;
	objects = {

/* Begin PBXBuildFile section */
		AAD0A208E4D24B549E556B07 /* KeyboardShortcuts in Frameworks */ = {isa = PBXBuildFile; productRef = 6203C44E9BC14AC1B9720AF2 /* KeyboardShortcuts */; };
/* End PBXBuildFile section */

/* Begin PBXContainerItemProxy section */
		120AAC8D2FA603A4004E3432 /* PBXContainerItemProxy */ = {
			isa = PBXContainerItemProxy;
			containerPortal = 120AAC772FA603A2004E3432 /* Project object */;
			proxyType = 1;
			remoteGlobalIDString = 120AAC7E2FA603A2004E3432;
			remoteInfo = screenshotapp;
		};
		120AAC972FA603A4004E3432 /* PBXContainerItemProxy */ = {
			isa = PBXContainerItemProxy;
			containerPortal = 120AAC772FA603A2004E3432 /* Project object */;
			proxyType = 1;
			remoteGlobalIDString = 120AAC7E2FA603A2004E3432;
			remoteInfo = screenshotapp;
		};
/* End PBXContainerItemProxy section */

/* Begin PBXFileReference section */
		120AAC7F2FA603A2004E3432 /* TinyShotShelf.app */ = {isa = PBXFileReference; explicitFileType = wrapper.application; includeInIndex = 0; path = TinyShotShelf.app; sourceTree = BUILT_PRODUCTS_DIR; };
		120AAC8C2FA603A4004E3432 /* screenshotappTests.xctest */ = {isa = PBXFileReference; explicitFileType = wrapper.cfbundle; includeInIndex = 0; path = screenshotappTests.xctest; sourceTree = BUILT_PRODUCTS_DIR; };
		120AAC962FA603A4004E3432 /* screenshotappUITests.xctest */ = {isa = PBXFileReference; explicitFileType = wrapper.cfbundle; includeInIndex = 0; path = screenshotappUITests.xctest; sourceTree = BUILT_PRODUCTS_DIR; };
/* End PBXFileReference section */

/* Begin PBXFileSystemSynchronizedRootGroup section */
		120AAC812FA603A2004E3432 /* screenshotapp */ = {
			isa = PBXFileSystemSynchronizedRootGroup;
			path = screenshotapp;
			sourceTree = "<group>";
		};
		120AAC8F2FA603A4004E3432 /* screenshotappTests */ = {
			isa = PBXFileSystemSynchronizedRootGroup;
			path = screenshotappTests;
			sourceTree = "<group>";
		};
		120AAC992FA603A4004E3432 /* screenshotappUITests */ = {
			isa = PBXFileSystemSynchronizedRootGroup;
			path = screenshotappUITests;
			sourceTree = "<group>";
		};
/* End PBXFileSystemSynchronizedRootGroup section */

/* Begin PBXFrameworksBuildPhase section */
		120AAC7C2FA603A2004E3432 /* Frameworks */ = {
			isa = PBXFrameworksBuildPhase;
			buildActionMask = 2147483647;
			files = (
				AAD0A208E4D24B549E556B07 /* KeyboardShortcuts in Frameworks */,
			);
			runOnlyForDeploymentPostprocessing = 0;
		};
		120AAC892FA603A4004E3432 /* Frameworks */ = {
			isa = PBXFrameworksBuildPhase;
			buildActionMask = 2147483647;
			files = (
			);
			runOnlyForDeploymentPostprocessing = 0;
		};
		120AAC932FA603A4004E3432 /* Frameworks */ = {
			isa = PBXFrameworksBuildPhase;
			buildActionMask = 2147483647;
			files = (
			);
			runOnlyForDeploymentPostprocessing = 0;
		};
/* End PBXFrameworksBuildPhase section */

/* Begin PBXGroup section */
		120AAC762FA603A2004E3432 = {
			isa = PBXGroup;
			children = (
				120AAC812FA603A2004E3432 /* screenshotapp */,
				120AAC8F2FA603A4004E3432 /* screenshotappTests */,
				120AAC992FA603A4004E3432 /* screenshotappUITests */,
				120AAC802FA603A2004E3432 /* Products */,
			);
			sourceTree = "<group>";
		};
		120AAC802FA603A2004E3432 /* Products */ = {
			isa = PBXGroup;
			children = (
				120AAC7F2FA603A2004E3432 /* TinyShotShelf.app */,
				120AAC8C2FA603A4004E3432 /* screenshotappTests.xctest */,
				120AAC962FA603A4004E3432 /* screenshotappUITests.xctest */,
			);
			name = Products;
			sourceTree = "<group>";
		};
/* End PBXGroup section */

/* Begin PBXNativeTarget section */
		120AAC7E2FA603A2004E3432 /* screenshotapp */ = {
			isa = PBXNativeTarget;
			buildConfigurationList = 120AACA02FA603A4004E3432 /* Build configuration list for PBXNativeTarget "screenshotapp" */;
			buildPhases = (
				120AAC7B2FA603A2004E3432 /* Sources */,
				120AAC7C2FA603A2004E3432 /* Frameworks */,
				120AAC7D2FA603A2004E3432 /* Resources */,
			);
			buildRules = (
			);
			dependencies = (
			);
			fileSystemSynchronizedGroups = (
				120AAC812FA603A2004E3432 /* screenshotapp */,
			);
			name = screenshotapp;
			packageProductDependencies = (
				6203C44E9BC14AC1B9720AF2 /* KeyboardShortcuts */,
			);
			productName = TinyShotShelf;
			productReference = 120AAC7F2FA603A2004E3432 /* TinyShotShelf.app */;
			productType = "com.apple.product-type.application";
		};
		120AAC8B2FA603A4004E3432 /* screenshotappTests */ = {
			isa = PBXNativeTarget;
			buildConfigurationList = 120AACA32FA603A4004E3432 /* Build configuration list for PBXNativeTarget "screenshotappTests" */;
			buildPhases = (
				120AAC882FA603A4004E3432 /* Sources */,
				120AAC892FA603A4004E3432 /* Frameworks */,
				120AAC8A2FA603A4004E3432 /* Resources */,
			);
			buildRules = (
			);
			dependencies = (
				120AAC8E2FA603A4004E3432 /* PBXTargetDependency */,
			);
			fileSystemSynchronizedGroups = (
				120AAC8F2FA603A4004E3432 /* screenshotappTests */,
			);
			name = screenshotappTests;
			packageProductDependencies = (
			);
			productName = screenshotappTests;
			productReference = 120AAC8C2FA603A4004E3432 /* screenshotappTests.xctest */;
			productType = "com.apple.product-type.bundle.unit-test";
		};
		120AAC952FA603A4004E3432 /* screenshotappUITests */ = {
			isa = PBXNativeTarget;
			buildConfigurationList = 120AACA62FA603A4004E3432 /* Build configuration list for PBXNativeTarget "screenshotappUITests" */;
			buildPhases = (
				120AAC922FA603A4004E3432 /* Sources */,
				120AAC932FA603A4004E3432 /* Frameworks */,
				120AAC942FA603A4004E3432 /* Resources */,
			);
			buildRules = (
			);
			dependencies = (
				120AAC982FA603A4004E3432 /* PBXTargetDependency */,
			);
			fileSystemSynchronizedGroups = (
				120AAC992FA603A4004E3432 /* screenshotappUITests */,
			);
			name = screenshotappUITests;
			packageProductDependencies = (
			);
			productName = screenshotappUITests;
			productReference = 120AAC962FA603A4004E3432 /* screenshotappUITests.xctest */;
			productType = "com.apple.product-type.bundle.ui-testing";
		};
/* End PBXNativeTarget section */

/* Begin PBXProject section */
		120AAC772FA603A2004E3432 /* Project object */ = {
			isa = PBXProject;
			attributes = {
				BuildIndependentTargetsInParallel = 1;
				LastSwiftUpdateCheck = 2600;
				LastUpgradeCheck = 2600;
				TargetAttributes = {
					120AAC7E2FA603A2004E3432 = {
						CreatedOnToolsVersion = 26.0.1;
					};
					120AAC8B2FA603A4004E3432 = {
						CreatedOnToolsVersion = 26.0.1;
						TestTargetID = 120AAC7E2FA603A2004E3432;
					};
					120AAC952FA603A4004E3432 = {
						CreatedOnToolsVersion = 26.0.1;
						TestTargetID = 120AAC7E2FA603A2004E3432;
					};
				};
			};
			buildConfigurationList = 120AAC7A2FA603A2004E3432 /* Build configuration list for PBXProject "screenshotapp" */;
			developmentRegion = en;
			hasScannedForEncodings = 0;
			knownRegions = (
				en,
				Base,
			);
			mainGroup = 120AAC762FA603A2004E3432;
			minimizedProjectReferenceProxies = 1;
			packageReferences = (
				41C9677DFDA545799232FE9E /* XCRemoteSwiftPackageReference "KeyboardShortcuts" */,
			);
			preferredProjectObjectVersion = 77;
			productRefGroup = 120AAC802FA603A2004E3432 /* Products */;
			projectDirPath = "";
			projectRoot = "";
			targets = (
				120AAC7E2FA603A2004E3432 /* screenshotapp */,
				120AAC8B2FA603A4004E3432 /* screenshotappTests */,
				120AAC952FA603A4004E3432 /* screenshotappUITests */,
			);
		};
/* End PBXProject section */

/* Begin PBXResourcesBuildPhase section */
		120AAC7D2FA603A2004E3432 /* Resources */ = {
			isa = PBXResourcesBuildPhase;
			buildActionMask = 2147483647;
			files = (
			);
			runOnlyForDeploymentPostprocessing = 0;
		};
		120AAC8A2FA603A4004E3432 /* Resources */ = {
			isa = PBXResourcesBuildPhase;
			buildActionMask = 2147483647;
			files = (
			);
			runOnlyForDeploymentPostprocessing = 0;
		};
		120AAC942FA603A4004E3432 /* Resources */ = {
			isa = PBXResourcesBuildPhase;
			buildActionMask = 2147483647;
			files = (
			);
			runOnlyForDeploymentPostprocessing = 0;
		};
/* End PBXResourcesBuildPhase section */

/* Begin PBXSourcesBuildPhase section */
		120AAC7B2FA603A2004E3432 /* Sources */ = {
			isa = PBXSourcesBuildPhase;
			buildActionMask = 2147483647;
			files = (
			);
			runOnlyForDeploymentPostprocessing = 0;
		};
		120AAC882FA603A4004E3432 /* Sources */ = {
			isa = PBXSourcesBuildPhase;
			buildActionMask = 2147483647;
			files = (
			);
			runOnlyForDeploymentPostprocessing = 0;
		};
		120AAC922FA603A4004E3432 /* Sources */ = {
			isa = PBXSourcesBuildPhase;
			buildActionMask = 2147483647;
			files = (
			);
			runOnlyForDeploymentPostprocessing = 0;
		};
/* End PBXSourcesBuildPhase section */

/* Begin PBXTargetDependency section */
		120AAC8E2FA603A4004E3432 /* PBXTargetDependency */ = {
			isa = PBXTargetDependency;
			target = 120AAC7E2FA603A2004E3432 /* screenshotapp */;
			targetProxy = 120AAC8D2FA603A4004E3432 /* PBXContainerItemProxy */;
		};
		120AAC982FA603A4004E3432 /* PBXTargetDependency */ = {
			isa = PBXTargetDependency;
			target = 120AAC7E2FA603A2004E3432 /* screenshotapp */;
			targetProxy = 120AAC972FA603A4004E3432 /* PBXContainerItemProxy */;
		};
/* End PBXTargetDependency section */

/* Begin XCBuildConfiguration section */
		120AAC9E2FA603A4004E3432 /* Debug */ = {
			isa = XCBuildConfiguration;
			buildSettings = {
				ALWAYS_SEARCH_USER_PATHS = NO;
				ASSETCATALOG_COMPILER_GENERATE_SWIFT_ASSET_SYMBOL_EXTENSIONS = YES;
				CLANG_ANALYZER_NONNULL = YES;
				CLANG_ANALYZER_NUMBER_OBJECT_CONVERSION = YES_AGGRESSIVE;
				CLANG_CXX_LANGUAGE_STANDARD = "gnu++20";
				CLANG_ENABLE_MODULES = YES;
				CLANG_ENABLE_OBJC_ARC = YES;
				CLANG_ENABLE_OBJC_WEAK = YES;
				CLANG_WARN_BLOCK_CAPTURE_AUTORELEASING = YES;
				CLANG_WARN_BOOL_CONVERSION = YES;
				CLANG_WARN_COMMA = YES;
				CLANG_WARN_CONSTANT_CONVERSION = YES;
				CLANG_WARN_DEPRECATED_OBJC_IMPLEMENTATIONS = YES;
				CLANG_WARN_DIRECT_OBJC_ISA_USAGE = YES_ERROR;
				CLANG_WARN_DOCUMENTATION_COMMENTS = YES;
				CLANG_WARN_EMPTY_BODY = YES;
				CLANG_WARN_ENUM_CONVERSION = YES;
				CLANG_WARN_INFINITE_RECURSION = YES;
				CLANG_WARN_INT_CONVERSION = YES;
				CLANG_WARN_NON_LITERAL_NULL_CONVERSION = YES;
				CLANG_WARN_OBJC_IMPLICIT_RETAIN_SELF = YES;
				CLANG_WARN_OBJC_LITERAL_CONVERSION = YES;
				CLANG_WARN_OBJC_ROOT_CLASS = YES_ERROR;
				CLANG_WARN_QUOTED_INCLUDE_IN_FRAMEWORK_HEADER = YES;
				CLANG_WARN_RANGE_LOOP_ANALYSIS = YES;
				CLANG_WARN_STRICT_PROTOTYPES = YES;
				CLANG_WARN_SUSPICIOUS_MOVE = YES;
				CLANG_WARN_UNGUARDED_AVAILABILITY = YES_AGGRESSIVE;
				CLANG_WARN_UNREACHABLE_CODE = YES;
				CLANG_WARN__DUPLICATE_METHOD_MATCH = YES;
				COPY_PHASE_STRIP = NO;
				DEBUG_INFORMATION_FORMAT = dwarf;
				DEVELOPMENT_TEAM = 2T78BG3872;
				ENABLE_STRICT_OBJC_MSGSEND = YES;
				ENABLE_TESTABILITY = YES;
				ENABLE_USER_SCRIPT_SANDBOXING = YES;
				GCC_C_LANGUAGE_STANDARD = gnu17;
				GCC_DYNAMIC_NO_PIC = NO;
				GCC_NO_COMMON_BLOCKS = YES;
				GCC_OPTIMIZATION_LEVEL = 0;
				GCC_PREPROCESSOR_DEFINITIONS = (
					"DEBUG=1",
					"$(inherited)",
				);
				GCC_WARN_64_TO_32_BIT_CONVERSION = YES;
				GCC_WARN_ABOUT_RETURN_TYPE = YES_ERROR;
				GCC_WARN_UNDECLARED_SELECTOR = YES;
				GCC_WARN_UNINITIALIZED_AUTOS = YES_AGGRESSIVE;
				GCC_WARN_UNUSED_FUNCTION = YES;
				GCC_WARN_UNUSED_VARIABLE = YES;
				LOCALIZATION_PREFERS_STRING_CATALOGS = YES;
				MACOSX_DEPLOYMENT_TARGET = 26.0;
				MTL_ENABLE_DEBUG_INFO = INCLUDE_SOURCE;
				MTL_FAST_MATH = YES;
				ONLY_ACTIVE_ARCH = YES;
				SDKROOT = macosx;
				SWIFT_ACTIVE_COMPILATION_CONDITIONS = "DEBUG $(inherited)";
				SWIFT_OPTIMIZATION_LEVEL = "-Onone";
			};
			name = Debug;
		};
		120AAC9F2FA603A4004E3432 /* Release */ = {
			isa = XCBuildConfiguration;
			buildSettings = {
				ALWAYS_SEARCH_USER_PATHS = NO;
				ASSETCATALOG_COMPILER_GENERATE_SWIFT_ASSET_SYMBOL_EXTENSIONS = YES;
				CLANG_ANALYZER_NONNULL = YES;
				CLANG_ANALYZER_NUMBER_OBJECT_CONVERSION = YES_AGGRESSIVE;
				CLANG_CXX_LANGUAGE_STANDARD = "gnu++20";
				CLANG_ENABLE_MODULES = YES;
				CLANG_ENABLE_OBJC_ARC = YES;
				CLANG_ENABLE_OBJC_WEAK = YES;
				CLANG_WARN_BLOCK_CAPTURE_AUTORELEASING = YES;
				CLANG_WARN_BOOL_CONVERSION = YES;
				CLANG_WARN_COMMA = YES;
				CLANG_WARN_CONSTANT_CONVERSION = YES;
				CLANG_WARN_DEPRECATED_OBJC_IMPLEMENTATIONS = YES;
				CLANG_WARN_DIRECT_OBJC_ISA_USAGE = YES_ERROR;
				CLANG_WARN_DOCUMENTATION_COMMENTS = YES;
				CLANG_WARN_EMPTY_BODY = YES;
				CLANG_WARN_ENUM_CONVERSION = YES;
				CLANG_WARN_INFINITE_RECURSION = YES;
				CLANG_WARN_INT_CONVERSION = YES;
				CLANG_WARN_NON_LITERAL_NULL_CONVERSION = YES;
				CLANG_WARN_OBJC_IMPLICIT_RETAIN_SELF = YES;
				CLANG_WARN_OBJC_LITERAL_CONVERSION = YES;
				CLANG_WARN_OBJC_ROOT_CLASS = YES_ERROR;
				CLANG_WARN_QUOTED_INCLUDE_IN_FRAMEWORK_HEADER = YES;
				CLANG_WARN_RANGE_LOOP_ANALYSIS = YES;
				CLANG_WARN_STRICT_PROTOTYPES = YES;
				CLANG_WARN_SUSPICIOUS_MOVE = YES;
				CLANG_WARN_UNGUARDED_AVAILABILITY = YES_AGGRESSIVE;
				CLANG_WARN_UNREACHABLE_CODE = YES;
				CLANG_WARN__DUPLICATE_METHOD_MATCH = YES;
				COPY_PHASE_STRIP = NO;
				DEBUG_INFORMATION_FORMAT = "dwarf-with-dsym";
				DEVELOPMENT_TEAM = 2T78BG3872;
				ENABLE_NS_ASSERTIONS = NO;
				ENABLE_STRICT_OBJC_MSGSEND = YES;
				ENABLE_USER_SCRIPT_SANDBOXING = YES;
				GCC_C_LANGUAGE_STANDARD = gnu17;
				GCC_NO_COMMON_BLOCKS = YES;
				GCC_WARN_64_TO_32_BIT_CONVERSION = YES;
				GCC_WARN_ABOUT_RETURN_TYPE = YES_ERROR;
				GCC_WARN_UNDECLARED_SELECTOR = YES;
				GCC_WARN_UNINITIALIZED_AUTOS = YES_AGGRESSIVE;
				GCC_WARN_UNUSED_FUNCTION = YES;
				GCC_WARN_UNUSED_VARIABLE = YES;
				LOCALIZATION_PREFERS_STRING_CATALOGS = YES;
				MACOSX_DEPLOYMENT_TARGET = 26.0;
				MTL_ENABLE_DEBUG_INFO = NO;
				MTL_FAST_MATH = YES;
				SDKROOT = macosx;
				SWIFT_COMPILATION_MODE = wholemodule;
			};
			name = Release;
		};
		120AACA12FA603A4004E3432 /* Debug */ = {
			isa = XCBuildConfiguration;
			buildSettings = {
				ASSETCATALOG_COMPILER_APPICON_NAME = AppIcon;
				ASSETCATALOG_COMPILER_GLOBAL_ACCENT_COLOR_NAME = AccentColor;
				CODE_SIGN_STYLE = Automatic;
				COMBINE_HIDPI_IMAGES = YES;
				CURRENT_PROJECT_VERSION = 1;
				DEVELOPMENT_TEAM = 2T78BG3872;
				ENABLE_APP_SANDBOX = NO;
				ENABLE_HARDENED_RUNTIME = YES;
				ENABLE_PREVIEWS = YES;
				ENABLE_USER_SELECTED_FILES = readonly;
				GENERATE_INFOPLIST_FILE = YES;
				INFOPLIST_KEY_CFBundleDisplayName = TinyShotShelf;
				INFOPLIST_KEY_CFBundleName = TinyShotShelf;
				INFOPLIST_KEY_LSUIElement = YES;
				INFOPLIST_KEY_NSHumanReadableCopyright = "";
				LD_RUNPATH_SEARCH_PATHS = (
					"$(inherited)",
					"@executable_path/../Frameworks",
				);
				MARKETING_VERSION = 1.0;
				PRODUCT_BUNDLE_IDENTIFIER = com.ahmetbugraozcan.screenshotapp;
				PRODUCT_MODULE_NAME = screenshotapp;
				PRODUCT_NAME = TinyShotShelf;
				REGISTER_APP_GROUPS = YES;
				STRING_CATALOG_GENERATE_SYMBOLS = YES;
				SWIFT_APPROACHABLE_CONCURRENCY = YES;
				SWIFT_DEFAULT_ACTOR_ISOLATION = MainActor;
				SWIFT_EMIT_LOC_STRINGS = YES;
				SWIFT_UPCOMING_FEATURE_MEMBER_IMPORT_VISIBILITY = YES;
				SWIFT_VERSION = 5.0;
			};
			name = Debug;
		};
		120AACA22FA603A4004E3432 /* Release */ = {
			isa = XCBuildConfiguration;
			buildSettings = {
				ASSETCATALOG_COMPILER_APPICON_NAME = AppIcon;
				ASSETCATALOG_COMPILER_GLOBAL_ACCENT_COLOR_NAME = AccentColor;
				CODE_SIGN_STYLE = Automatic;
				COMBINE_HIDPI_IMAGES = YES;
				CURRENT_PROJECT_VERSION = 1;
				DEVELOPMENT_TEAM = 2T78BG3872;
				ENABLE_APP_SANDBOX = NO;
				ENABLE_HARDENED_RUNTIME = YES;
				ENABLE_PREVIEWS = YES;
				ENABLE_USER_SELECTED_FILES = readonly;
				GENERATE_INFOPLIST_FILE = YES;
				INFOPLIST_KEY_CFBundleDisplayName = TinyShotShelf;
				INFOPLIST_KEY_CFBundleName = TinyShotShelf;
				INFOPLIST_KEY_LSUIElement = YES;
				INFOPLIST_KEY_NSHumanReadableCopyright = "";
				LD_RUNPATH_SEARCH_PATHS = (
					"$(inherited)",
					"@executable_path/../Frameworks",
				);
				MARKETING_VERSION = 1.0;
				PRODUCT_BUNDLE_IDENTIFIER = com.ahmetbugraozcan.screenshotapp;
				PRODUCT_MODULE_NAME = screenshotapp;
				PRODUCT_NAME = TinyShotShelf;
				REGISTER_APP_GROUPS = YES;
				STRING_CATALOG_GENERATE_SYMBOLS = YES;
				SWIFT_APPROACHABLE_CONCURRENCY = YES;
				SWIFT_DEFAULT_ACTOR_ISOLATION = MainActor;
				SWIFT_EMIT_LOC_STRINGS = YES;
				SWIFT_UPCOMING_FEATURE_MEMBER_IMPORT_VISIBILITY = YES;
				SWIFT_VERSION = 5.0;
			};
			name = Release;
		};
		120AACA42FA603A4004E3432 /* Debug */ = {
			isa = XCBuildConfiguration;
			buildSettings = {
				BUNDLE_LOADER = "$(TEST_HOST)";
				CODE_SIGN_STYLE = Automatic;
				CURRENT_PROJECT_VERSION = 1;
				DEVELOPMENT_TEAM = 2T78BG3872;
				GENERATE_INFOPLIST_FILE = YES;
				MACOSX_DEPLOYMENT_TARGET = 26.0;
				MARKETING_VERSION = 1.0;
				PRODUCT_BUNDLE_IDENTIFIER = com.ahmetbugraozcan.screenshotappTests;
				PRODUCT_NAME = "$(TARGET_NAME)";
				STRING_CATALOG_GENERATE_SYMBOLS = NO;
				SWIFT_APPROACHABLE_CONCURRENCY = YES;
				SWIFT_EMIT_LOC_STRINGS = NO;
				SWIFT_UPCOMING_FEATURE_MEMBER_IMPORT_VISIBILITY = YES;
				SWIFT_VERSION = 5.0;
				TEST_HOST = "$(BUILT_PRODUCTS_DIR)/TinyShotShelf.app/$(BUNDLE_EXECUTABLE_FOLDER_PATH)/TinyShotShelf";
			};
			name = Debug;
		};
		120AACA52FA603A4004E3432 /* Release */ = {
			isa = XCBuildConfiguration;
			buildSettings = {
				BUNDLE_LOADER = "$(TEST_HOST)";
				CODE_SIGN_STYLE = Automatic;
				CURRENT_PROJECT_VERSION = 1;
				DEVELOPMENT_TEAM = 2T78BG3872;
				GENERATE_INFOPLIST_FILE = YES;
				MACOSX_DEPLOYMENT_TARGET = 26.0;
				MARKETING_VERSION = 1.0;
				PRODUCT_BUNDLE_IDENTIFIER = com.ahmetbugraozcan.screenshotappTests;
				PRODUCT_NAME = "$(TARGET_NAME)";
				STRING_CATALOG_GENERATE_SYMBOLS = NO;
				SWIFT_APPROACHABLE_CONCURRENCY = YES;
				SWIFT_EMIT_LOC_STRINGS = NO;
				SWIFT_UPCOMING_FEATURE_MEMBER_IMPORT_VISIBILITY = YES;
				SWIFT_VERSION = 5.0;
				TEST_HOST = "$(BUILT_PRODUCTS_DIR)/TinyShotShelf.app/$(BUNDLE_EXECUTABLE_FOLDER_PATH)/TinyShotShelf";
			};
			name = Release;
		};
		120AACA72FA603A4004E3432 /* Debug */ = {
			isa = XCBuildConfiguration;
			buildSettings = {
				CODE_SIGN_STYLE = Automatic;
				CURRENT_PROJECT_VERSION = 1;
				DEVELOPMENT_TEAM = 2T78BG3872;
				GENERATE_INFOPLIST_FILE = YES;
				MARKETING_VERSION = 1.0;
				PRODUCT_BUNDLE_IDENTIFIER = com.ahmetbugraozcan.screenshotappUITests;
				PRODUCT_NAME = "$(TARGET_NAME)";
				STRING_CATALOG_GENERATE_SYMBOLS = NO;
				SWIFT_APPROACHABLE_CONCURRENCY = YES;
				SWIFT_EMIT_LOC_STRINGS = NO;
				SWIFT_UPCOMING_FEATURE_MEMBER_IMPORT_VISIBILITY = YES;
				SWIFT_VERSION = 5.0;
				TEST_TARGET_NAME = screenshotapp;
			};
			name = Debug;
		};
		120AACA82FA603A4004E3432 /* Release */ = {
			isa = XCBuildConfiguration;
			buildSettings = {
				CODE_SIGN_STYLE = Automatic;
				CURRENT_PROJECT_VERSION = 1;
				DEVELOPMENT_TEAM = 2T78BG3872;
				GENERATE_INFOPLIST_FILE = YES;
				MARKETING_VERSION = 1.0;
				PRODUCT_BUNDLE_IDENTIFIER = com.ahmetbugraozcan.screenshotappUITests;
				PRODUCT_NAME = "$(TARGET_NAME)";
				STRING_CATALOG_GENERATE_SYMBOLS = NO;
				SWIFT_APPROACHABLE_CONCURRENCY = YES;
				SWIFT_EMIT_LOC_STRINGS = NO;
				SWIFT_UPCOMING_FEATURE_MEMBER_IMPORT_VISIBILITY = YES;
				SWIFT_VERSION = 5.0;
				TEST_TARGET_NAME = screenshotapp;
			};
			name = Release;
		};
/* End XCBuildConfiguration section */

/* Begin XCConfigurationList section */
		120AAC7A2FA603A2004E3432 /* Build configuration list for PBXProject "screenshotapp" */ = {
			isa = XCConfigurationList;
			buildConfigurations = (
				120AAC9E2FA603A4004E3432 /* Debug */,
				120AAC9F2FA603A4004E3432 /* Release */,
			);
			defaultConfigurationIsVisible = 0;
			defaultConfigurationName = Release;
		};
		120AACA02FA603A4004E3432 /* Build configuration list for PBXNativeTarget "screenshotapp" */ = {
			isa = XCConfigurationList;
			buildConfigurations = (
				120AACA12FA603A4004E3432 /* Debug */,
				120AACA22FA603A4004E3432 /* Release */,
			);
			defaultConfigurationIsVisible = 0;
			defaultConfigurationName = Release;
		};
		120AACA32FA603A4004E3432 /* Build configuration list for PBXNativeTarget "screenshotappTests" */ = {
			isa = XCConfigurationList;
			buildConfigurations = (
				120AACA42FA603A4004E3432 /* Debug */,
				120AACA52FA603A4004E3432 /* Release */,
			);
			defaultConfigurationIsVisible = 0;
			defaultConfigurationName = Release;
		};
		120AACA62FA603A4004E3432 /* Build configuration list for PBXNativeTarget "screenshotappUITests" */ = {
			isa = XCConfigurationList;
			buildConfigurations = (
				120AACA72FA603A4004E3432 /* Debug */,
				120AACA82FA603A4004E3432 /* Release */,
			);
			defaultConfigurationIsVisible = 0;
			defaultConfigurationName = Release;
		};
/* End XCConfigurationList section */

/* Begin XCRemoteSwiftPackageReference section */
		41C9677DFDA545799232FE9E /* XCRemoteSwiftPackageReference "KeyboardShortcuts" */ = {
			isa = XCRemoteSwiftPackageReference;
			repositoryURL = "https://github.com/sindresorhus/KeyboardShortcuts";
			requirement = {
				kind = upToNextMajorVersion;
				minimumVersion = 2.4.0;
			};
		};
/* End XCRemoteSwiftPackageReference section */

/* Begin XCSwiftPackageProductDependency section */
		6203C44E9BC14AC1B9720AF2 /* KeyboardShortcuts */ = {
			isa = XCSwiftPackageProductDependency;
			package = 41C9677DFDA545799232FE9E /* XCRemoteSwiftPackageReference "KeyboardShortcuts" */;
			productName = KeyboardShortcuts;
		};
/* End XCSwiftPackageProductDependency section */
	};
	rootObject = 120AAC772FA603A2004E3432 /* Project object */;
}
